// !$*UTF8*$!
{
	archiveVersion = 1;
	classes = {
	};
	objectVersion = 56;
	objects = {

/* Begin PBXBuildFile section */
		91619BE228FEFBD600CCB186 /* AppDelegate.swift in Sources */ = {isa = PBXBuildFile; fileRef = 91619BE128FEFBD600CCB186 /* AppDelegate.swift */; };
		91619BE428FEFBD600CCB186 /* SceneDelegate.swift in Sources */ = {isa = PBXBuildFile; fileRef = 91619BE328FEFBD600CCB186 /* SceneDelegate.swift */; };
		91619BEB28FEFBD900CCB186 /* Assets.xcassets in Resources */ = {isa = PBXBuildFile; fileRef = 91619BEA28FEFBD900CCB186 /* Assets.xcassets */; };
		91619BEE28FEFBD900CCB186 /* LaunchScreen.storyboard in Resources */ = {isa = PBXBuildFile; fileRef = 91619BEC28FEFBD900CCB186 /* LaunchScreen.storyboard */; };
		91619BFD28FEFFE900CCB186 /* HomeController.swift in Sources */ = {isa = PBXBuildFile; fileRef = 91619BFC28FEFFE900CCB186 /* HomeController.swift */; };
		91619C0128FF2BAE00CCB186 /* HomeNavigationStack.swift in Sources */ = {isa = PBXBuildFile; fileRef = 91619C0028FF2BAE00CCB186 /* HomeNavigationStack.swift */; };
		91619C0328FF321400CCB186 /* BottomControlsStackView.swift in Sources */ = {isa = PBXBuildFile; fileRef = 91619C0228FF321400CCB186 /* BottomControlsStackView.swift */; };
		91975F2D2911870000B5A15B /* LoginController.swift in Sources */ = {isa = PBXBuildFile; fileRef = 91975F2C2911870000B5A15B /* LoginController.swift */; };
		91975F302911874D00B5A15B /* RegistrationController.swift in Sources */ = {isa = PBXBuildFile; fileRef = 91975F2F2911874D00B5A15B /* RegistrationController.swift */; };
		9198B1632909B1AD00E5EABE /* User.swift in Sources */ = {isa = PBXBuildFile; fileRef = 9198B1622909B1AD00E5EABE /* User.swift */; };
		9198B1652909B1D200E5EABE /* CardViewModel.swift in Sources */ = {isa = PBXBuildFile; fileRef = 9198B1642909B1D200E5EABE /* CardViewModel.swift */; };
		9198B1672909B20E00E5EABE /* Extensions.swift in Sources */ = {isa = PBXBuildFile; fileRef = 9198B1662909B20E00E5EABE /* Extensions.swift */; };
		91E38E2D29141AC7000B4B83 /* CustomTextField.swift in Sources */ = {isa = PBXBuildFile; fileRef = 91E38E2C29141AC7000B4B83 /* CustomTextField.swift */; };
		91F5D9D0290085F700A6843F /* CardView.swift in Sources */ = {isa = PBXBuildFile; fileRef = 91F5D9CF290085F700A6843F /* CardView.swift */; };
/* End PBXBuildFile section */

/* Begin PBXFileReference section */
		91619BDE28FEFBD600CCB186 /* TinderClone.app */ = {isa = PBXFileReference; explicitFileType = wrapper.application; includeInIndex = 0; path = TinderClone.app; sourceTree = BUILT_PRODUCTS_DIR; };
		91619BE128FEFBD600CCB186 /* AppDelegate.swift */ = {isa = PBXFileReference; lastKnownFileType = sourcecode.swift; path = AppDelegate.swift; sourceTree = "<group>"; };
		91619BE328FEFBD600CCB186 /* SceneDelegate.swift */ = {isa = PBXFileReference; lastKnownFileType = sourcecode.swift; path = SceneDelegate.swift; sourceTree = "<group>"; };
		91619BEA28FEFBD900CCB186 /* Assets.xcassets */ = {isa = PBXFileReference; lastKnownFileType = folder.assetcatalog; path = Assets.xcassets; sourceTree = "<group>"; };
		91619BED28FEFBD900CCB186 /* Base */ = {isa = PBXFileReference; lastKnownFileType = file.storyboard; name = Base; path = Base.lproj/LaunchScreen.storyboard; sourceTree = "<group>"; };
		91619BEF28FEFBD900CCB186 /* Info.plist */ = {isa = PBXFileReference; lastKnownFileType = text.plist.xml; path = Info.plist; sourceTree = "<group>"; };
		91619BFC28FEFFE900CCB186 /* HomeController.swift */ = {isa = PBXFileReference; lastKnownFileType = sourcecode.swift; path = HomeController.swift; sourceTree = "<group>"; };
		91619C0028FF2BAE00CCB186 /* HomeNavigationStack.swift */ = {isa = PBXFileReference; lastKnownFileType = sourcecode.swift; path = HomeNavigationStack.swift; sourceTree = "<group>"; };
		91619C0228FF321400CCB186 /* BottomControlsStackView.swift */ = {isa = PBXFileReference; lastKnownFileType = sourcecode.swift; path = BottomControlsStackView.swift; sourceTree = "<group>"; };
		91975F2C2911870000B5A15B /* LoginController.swift */ = {isa = PBXFileReference; lastKnownFileType = sourcecode.swift; path = LoginController.swift; sourceTree = "<group>"; };
		91975F2F2911874D00B5A15B /* RegistrationController.swift */ = {isa = PBXFileReference; lastKnownFileType = sourcecode.swift; path = RegistrationController.swift; sourceTree = "<group>"; };
		9198B1622909B1AD00E5EABE /* User.swift */ = {isa = PBXFileReference; lastKnownFileType = sourcecode.swift; path = User.swift; sourceTree = "<group>"; };
		9198B1642909B1D200E5EABE /* CardViewModel.swift */ = {isa = PBXFileReference; lastKnownFileType = sourcecode.swift; path = CardViewModel.swift; sourceTree = "<group>"; };
		9198B1662909B20E00E5EABE /* Extensions.swift */ = {isa = PBXFileReference; lastKnownFileType = sourcecode.swift; path = Extensions.swift; sourceTree = "<group>"; };
		91E38E2C29141AC7000B4B83 /* CustomTextField.swift */ = {isa = PBXFileReference; lastKnownFileType = sourcecode.swift; path = CustomTextField.swift; sourceTree = "<group>"; };
		91F5D9CF290085F700A6843F /* CardView.swift */ = {isa = PBXFileReference; lastKnownFileType = sourcecode.swift; path = CardView.swift; sourceTree = "<group>"; };
/* End PBXFileReference section */

/* Begin PBXFrameworksBuildPhase section */
		91619BDB28FEFBD600CCB186 /* Frameworks */ = {
			isa = PBXFrameworksBuildPhase;
			buildActionMask = 2147483647;
			files = (
			);
			runOnlyForDeploymentPostprocessing = 0;
		};
/* End PBXFrameworksBuildPhase section */

/* Begin PBXGroup section */
		91619BD528FEFBD600CCB186 = {
			isa = PBXGroup;
			children = (
				91619BE028FEFBD600CCB186 /* TinderClone */,
				91619BDF28FEFBD600CCB186 /* Products */,
			);
			sourceTree = "<group>";
		};
		91619BDF28FEFBD600CCB186 /* Products */ = {
			isa = PBXGroup;
			children = (
				91619BDE28FEFBD600CCB186 /* TinderClone.app */,
			);
			name = Products;
			sourceTree = "<group>";
		};
		91619BE028FEFBD600CCB186 /* TinderClone */ = {
			isa = PBXGroup;
			children = (
				9198B1682909B21F00E5EABE /* Model */,
				91619BFA28FEFF2C00CCB186 /* View */,
				9198B1692909B22C00E5EABE /* ViewModel */,
				91619BF828FEFF2800CCB186 /* Controller */,
				91619BF728FEFF2500CCB186 /* API */,
				9198B16A2909B24600E5EABE /* Utils */,
				91619BE128FEFBD600CCB186 /* AppDelegate.swift */,
				91619BE328FEFBD600CCB186 /* SceneDelegate.swift */,
				91619BEA28FEFBD900CCB186 /* Assets.xcassets */,
				91619BEC28FEFBD900CCB186 /* LaunchScreen.storyboard */,
				91619BEF28FEFBD900CCB186 /* Info.plist */,
			);
			path = TinderClone;
			sourceTree = "<group>";
		};
		91619BF728FEFF2500CCB186 /* API */ = {
			isa = PBXGroup;
			children = (
			);
			path = API;
			sourceTree = "<group>";
		};
		91619BF828FEFF2800CCB186 /* Controller */ = {
			isa = PBXGroup;
			children = (
				91619BFC28FEFFE900CCB186 /* HomeController.swift */,
				91975F2E2911872700B5A15B /* Authentication */,
			);
			path = Controller;
			sourceTree = "<group>";
		};
		91619BFA28FEFF2C00CCB186 /* View */ = {
			isa = PBXGroup;
			children = (
				91619C0028FF2BAE00CCB186 /* HomeNavigationStack.swift */,
				91619C0228FF321400CCB186 /* BottomControlsStackView.swift */,
				91F5D9CF290085F700A6843F /* CardView.swift */,
			);
			path = View;
			sourceTree = "<group>";
		};
		91975F2E2911872700B5A15B /* Authentication */ = {
			isa = PBXGroup;
			children = (
				91975F2C2911870000B5A15B /* LoginController.swift */,
				91975F2F2911874D00B5A15B /* RegistrationController.swift */,
			);
			path = Authentication;
			sourceTree = "<group>";
		};
		9198B1682909B21F00E5EABE /* Model */ = {
			isa = PBXGroup;
			children = (
				9198B1622909B1AD00E5EABE /* User.swift */,
			);
			path = Model;
			sourceTree = "<group>";
		};
		9198B1692909B22C00E5EABE /* ViewModel */ = {
			isa = PBXGroup;
			children = (
				9198B1642909B1D200E5EABE /* CardViewModel.swift */,
			);
			path = ViewModel;
			sourceTree = "<group>";
		};
		9198B16A2909B24600E5EABE /* Utils */ = {
			isa = PBXGroup;
			children = (
				9198B1662909B20E00E5EABE /* Extensions.swift */,
				91E38E2C29141AC7000B4B83 /* CustomTextField.swift */,
			);
			path = Utils;
			sourceTree = "<group>";
		};
/* End PBXGroup section */

/* Begin PBXNativeTarget section */
		91619BDD28FEFBD600CCB186 /* TinderClone */ = {
			isa = PBXNativeTarget;
			buildConfigurationList = 91619BF228FEFBD900CCB186 /* Build configuration list for PBXNativeTarget "TinderClone" */;
			buildPhases = (
				91619BDA28FEFBD600CCB186 /* Sources */,
				91619BDB28FEFBD600CCB186 /* Frameworks */,
				91619BDC28FEFBD600CCB186 /* Resources */,
			);
			buildRules = (
			);
			dependencies = (
			);
			name = TinderClone;
			productName = TinderClone;
			productReference = 91619BDE28FEFBD600CCB186 /* TinderClone.app */;
			productType = "com.apple.product-type.application";
		};
/* End PBXNativeTarget section */

/* Begin PBXProject section */
		91619BD628FEFBD600CCB186 /* Project object */ = {
			isa = PBXProject;
			attributes = {
				BuildIndependentTargetsInParallel = 1;
				LastSwiftUpdateCheck = 1400;
				LastUpgradeCheck = 1400;
				TargetAttributes = {
					91619BDD28FEFBD600CCB186 = {
						CreatedOnToolsVersion = 14.0.1;
					};
				};
			};
			buildConfigurationList = 91619BD928FEFBD600CCB186 /* Build configuration list for PBXProject "TinderClone" */;
			compatibilityVersion = "Xcode 14.0";
			developmentRegion = en;
			hasScannedForEncodings = 0;
			knownRegions = (
				en,
				Base,
			);
			mainGroup = 91619BD528FEFBD600CCB186;
			productRefGroup = 91619BDF28FEFBD600CCB186 /* Products */;
			projectDirPath = "";
			projectRoot = "";
			targets = (
				91619BDD28FEFBD600CCB186 /* TinderClone */,
			);
		};
/* End PBXProject section */

/* Begin PBXResourcesBuildPhase section */
		91619BDC28FEFBD600CCB186 /* Resources */ = {
			isa = PBXResourcesBuildPhase;
			buildActionMask = 2147483647;
			files = (
				91619BEE28FEFBD900CCB186 /* LaunchScreen.storyboard in Resources */,
				91619BEB28FEFBD900CCB186 /* Assets.xcassets in Resources */,
			);
			runOnlyForDeploymentPostprocessing = 0;
		};
/* End PBXResourcesBuildPhase section */

/* Begin PBXSourcesBuildPhase section */
		91619BDA28FEFBD600CCB186 /* Sources */ = {
			isa = PBXSourcesBuildPhase;
			buildActionMask = 2147483647;
			files = (
				91F5D9D0290085F700A6843F /* CardView.swift in Sources */,
				9198B1672909B20E00E5EABE /* Extensions.swift in Sources */,
				91619C0328FF321400CCB186 /* BottomControlsStackView.swift in Sources */,
				91619BE228FEFBD600CCB186 /* AppDelegate.swift in Sources */,
				91619C0128FF2BAE00CCB186 /* HomeNavigationStack.swift in Sources */,
				9198B1632909B1AD00E5EABE /* User.swift in Sources */,
				91975F302911874D00B5A15B /* RegistrationController.swift in Sources */,
				91619BE428FEFBD600CCB186 /* SceneDelegate.swift in Sources */,
				91E38E2D29141AC7000B4B83 /* CustomTextField.swift in Sources */,
				91619BFD28FEFFE900CCB186 /* HomeController.swift in Sources */,
				9198B1652909B1D200E5EABE /* CardViewModel.swift in Sources */,
				91975F2D2911870000B5A15B /* LoginController.swift in Sources */,
			);
			runOnlyForDeploymentPostprocessing = 0;
		};
/* End PBXSourcesBuildPhase section */

/* Begin PBXVariantGroup section */
		91619BEC28FEFBD900CCB186 /* LaunchScreen.storyboard */ = {
			isa = PBXVariantGroup;
			children = (
				91619BED28FEFBD900CCB186 /* Base */,
			);
			name = LaunchScreen.storyboard;
			sourceTree = "<group>";
		};
/* End PBXVariantGroup section */

/* Begin XCBuildConfiguration section */
		91619BF028FEFBD900CCB186 /* Debug */ = {
			isa = XCBuildConfiguration;
			buildSettings = {
				ALWAYS_SEARCH_USER_PATHS = NO;
				CLANG_ANALYZER_NONNULL = YES;
				CLANG_ANALYZER_NUMBER_OBJECT_CONVERSION = YES_AGGRESSIVE;
				CLANG_CXX_LANGUAGE_STANDARD = "gnu++20";
				CLANG_ENABLE_MODULES = YES;
				CLANG_ENABLE_OBJC_ARC = YES;
				CLANG_ENABLE_OBJC_WEAK = YES;
				CLANG_WARN_BLOCK_CAPTURE_AUTORELEASING = YES;
				CLANG_WARN_BOOL_CONVERSION = YES;
				CLANG_WARN_COMMA = YES;
				CLANG_WARN_CONSTANT_CONVERSION = YES;
				CLANG_WARN_DEPRECATED_OBJC_IMPLEMENTATIONS = YES;
				CLANG_WARN_DIRECT_OBJC_ISA_USAGE = YES_ERROR;
				CLANG_WARN_DOCUMENTATION_COMMENTS = YES;
				CLANG_WARN_EMPTY_BODY = YES;
				CLANG_WARN_ENUM_CONVERSION = YES;
				CLANG_WARN_INFINITE_RECURSION = YES;
				CLANG_WARN_INT_CONVERSION = YES;
				CLANG_WARN_NON_LITERAL_NULL_CONVERSION = YES;
				CLANG_WARN_OBJC_IMPLICIT_RETAIN_SELF = YES;
				CLANG_WARN_OBJC_LITERAL_CONVERSION = YES;
				CLANG_WARN_OBJC_ROOT_CLASS = YES_ERROR;
				CLANG_WARN_QUOTED_INCLUDE_IN_FRAMEWORK_HEADER = YES;
				CLANG_WARN_RANGE_LOOP_ANALYSIS = YES;
				CLANG_WARN_STRICT_PROTOTYPES = YES;
				CLANG_WARN_SUSPICIOUS_MOVE = YES;
				CLANG_WARN_UNGUARDED_AVAILABILITY = YES_AGGRESSIVE;
				CLANG_WARN_UNREACHABLE_CODE = YES;
				CLANG_WARN__DUPLICATE_METHOD_MATCH = YES;
				COPY_PHASE_STRIP = NO;
				DEBUG_INFORMATION_FORMAT = dwarf;
				ENABLE_STRICT_OBJC_MSGSEND = YES;
				ENABLE_TESTABILITY = YES;
				GCC_C_LANGUAGE_STANDARD = gnu11;
				GCC_DYNAMIC_NO_PIC = NO;
				GCC_NO_COMMON_BLOCKS = YES;
				GCC_OPTIMIZATION_LEVEL = 0;
				GCC_PREPROCESSOR_DEFINITIONS = (
					"DEBUG=1",
					"$(inherited)",
				);
				GCC_WARN_64_TO_32_BIT_CONVERSION = YES;
				GCC_WARN_ABOUT_RETURN_TYPE = YES_ERROR;
				GCC_WARN_UNDECLARED_SELECTOR = YES;
				GCC_WARN_UNINITIALIZED_AUTOS = YES_AGGRESSIVE;
				GCC_WARN_UNUSED_FUNCTION = YES;
				GCC_WARN_UNUSED_VARIABLE = YES;
				IPHONEOS_DEPLOYMENT_TARGET = 16.0;
				MTL_ENABLE_DEBUG_INFO = INCLUDE_SOURCE;
				MTL_FAST_MATH = YES;
				ONLY_ACTIVE_ARCH = YES;
				SDKROOT = iphoneos;
				SWIFT_ACTIVE_COMPILATION_CONDITIONS = DEBUG;
				SWIFT_OPTIMIZATION_LEVEL = "-Onone";
			};
			name = Debug;
		};
		91619BF128FEFBD900CCB186 /* Release */ = {
			isa = XCBuildConfiguration;
			buildSettings = {
				ALWAYS_SEARCH_USER_PATHS = NO;
				CLANG_ANALYZER_NONNULL = YES;
				CLANG_ANALYZER_NUMBER_OBJECT_CONVERSION = YES_AGGRESSIVE;
				CLANG_CXX_LANGUAGE_STANDARD = "gnu++20";
				CLANG_ENABLE_MODULES = YES;
				CLANG_ENABLE_OBJC_ARC = YES;
				CLANG_ENABLE_OBJC_WEAK = YES;
				CLANG_WARN_BLOCK_CAPTURE_AUTORELEASING = YES;
				CLANG_WARN_BOOL_CONVERSION = YES;
				CLANG_WARN_COMMA = YES;
				CLANG_WARN_CONSTANT_CONVERSION = YES;
				CLANG_WARN_DEPRECATED_OBJC_IMPLEMENTATIONS = YES;
				CLANG_WARN_DIRECT_OBJC_ISA_USAGE = YES_ERROR;
				CLANG_WARN_DOCUMENTATION_COMMENTS = YES;
				CLANG_WARN_EMPTY_BODY = YES;
				CLANG_WARN_ENUM_CONVERSION = YES;
				CLANG_WARN_INFINITE_RECURSION = YES;
				CLANG_WARN_INT_CONVERSION = YES;
				CLANG_WARN_NON_LITERAL_NULL_CONVERSION = YES;
				CLANG_WARN_OBJC_IMPLICIT_RETAIN_SELF = YES;
				CLANG_WARN_OBJC_LITERAL_CONVERSION = YES;
				CLANG_WARN_OBJC_ROOT_CLASS = YES_ERROR;
				CLANG_WARN_QUOTED_INCLUDE_IN_FRAMEWORK_HEADER = YES;
				CLANG_WARN_RANGE_LOOP_ANALYSIS = YES;
				CLANG_WARN_STRICT_PROTOTYPES = YES;
				CLANG_WARN_SUSPICIOUS_MOVE = YES;
				CLANG_WARN_UNGUARDED_AVAILABILITY = YES_AGGRESSIVE;
				CLANG_WARN_UNREACHABLE_CODE = YES;
				CLANG_WARN__DUPLICATE_METHOD_MATCH = YES;
				COPY_PHASE_STRIP = NO;
				DEBUG_INFORMATION_FORMAT = "dwarf-with-dsym";
				ENABLE_NS_ASSERTIONS = NO;
				ENABLE_STRICT_OBJC_MSGSEND = YES;
				GCC_C_LANGUAGE_STANDARD = gnu11;
				GCC_NO_COMMON_BLOCKS = YES;
				GCC_WARN_64_TO_32_BIT_CONVERSION = YES;
				GCC_WARN_ABOUT_RETURN_TYPE = YES_ERROR;
				GCC_WARN_UNDECLARED_SELECTOR = YES;
				GCC_WARN_UNINITIALIZED_AUTOS = YES_AGGRESSIVE;
				GCC_WARN_UNUSED_FUNCTION = YES;
				GCC_WARN_UNUSED_VARIABLE = YES;
				IPHONEOS_DEPLOYMENT_TARGET = 16.0;
				MTL_ENABLE_DEBUG_INFO = NO;
				MTL_FAST_MATH = YES;
				SDKROOT = iphoneos;
				SWIFT_COMPILATION_MODE = wholemodule;
				SWIFT_OPTIMIZATION_LEVEL = "-O";
				VALIDATE_PRODUCT = YES;
			};
			name = Release;
		};
		91619BF328FEFBD900CCB186 /* Debug */ = {
			isa = XCBuildConfiguration;
			buildSettings = {
				ASSETCATALOG_COMPILER_APPICON_NAME = AppIcon;
				ASSETCATALOG_COMPILER_GLOBAL_ACCENT_COLOR_NAME = AccentColor;
				CODE_SIGN_STYLE = Automatic;
				CURRENT_PROJECT_VERSION = 1;
				DEVELOPMENT_TEAM = PLXRGQY243;
				GENERATE_INFOPLIST_FILE = YES;
				INFOPLIST_FILE = TinderClone/Info.plist;
				INFOPLIST_KEY_UIApplicationSupportsIndirectInputEvents = YES;
				INFOPLIST_KEY_UILaunchStoryboardName = LaunchScreen;
				INFOPLIST_KEY_UISupportedInterfaceOrientations_iPad = "UIInterfaceOrientationPortrait UIInterfaceOrientationPortraitUpsideDown UIInterfaceOrientationLandscapeLeft UIInterfaceOrientationLandscapeRight";
				INFOPLIST_KEY_UISupportedInterfaceOrientations_iPhone = "UIInterfaceOrientationPortrait UIInterfaceOrientationLandscapeLeft UIInterfaceOrientationLandscapeRight";
				LD_RUNPATH_SEARCH_PATHS = (
					"$(inherited)",
					"@executable_path/Frameworks",
				);
				MARKETING_VERSION = 1.0;
				PRODUCT_BUNDLE_IDENTIFIER = com.yazburrell.TinderClone;
				PRODUCT_NAME = "$(TARGET_NAME)";
				SWIFT_EMIT_LOC_STRINGS = YES;
				SWIFT_VERSION = 5.0;
				TARGETED_DEVICE_FAMILY = "1,2";
			};
			name = Debug;
		};
		91619BF428FEFBD900CCB186 /* Release */ = {
			isa = XCBuildConfiguration;
			buildSettings = {
				ASSETCATALOG_COMPILER_APPICON_NAME = AppIcon;
				ASSETCATALOG_COMPILER_GLOBAL_ACCENT_COLOR_NAME = AccentColor;
				CODE_SIGN_STYLE = Automatic;
				CURRENT_PROJECT_VERSION = 1;
				DEVELOPMENT_TEAM = PLXRGQY243;
				GENERATE_INFOPLIST_FILE = YES;
				INFOPLIST_FILE = TinderClone/Info.plist;
				INFOPLIST_KEY_UIApplicationSupportsIndirectInputEvents = YES;
				INFOPLIST_KEY_UILaunchStoryboardName = LaunchScreen;
				INFOPLIST_KEY_UISupportedInterfaceOrientations_iPad = "UIInterfaceOrientationPortrait UIInterfaceOrientationPortraitUpsideDown UIInterfaceOrientationLandscapeLeft UIInterfaceOrientationLandscapeRight";
				INFOPLIST_KEY_UISupportedInterfaceOrientations_iPhone = "UIInterfaceOrientationPortrait UIInterfaceOrientationLandscapeLeft UIInterfaceOrientationLandscapeRight";
				LD_RUNPATH_SEARCH_PATHS = (
					"$(inherited)",
					"@executable_path/Frameworks",
				);
				MARKETING_VERSION = 1.0;
				PRODUCT_BUNDLE_IDENTIFIER = com.yazburrell.TinderClone;
				PRODUCT_NAME = "$(TARGET_NAME)";
				SWIFT_EMIT_LOC_STRINGS = YES;
				SWIFT_VERSION = 5.0;
				TARGETED_DEVICE_FAMILY = "1,2";
			};
			name = Release;
		};
/* End XCBuildConfiguration section */

/* Begin XCConfigurationList section */
		91619BD928FEFBD600CCB186 /* Build configuration list for PBXProject "TinderClone" */ = {
			isa = XCConfigurationList;
			buildConfigurations = (
				91619BF028FEFBD900CCB186 /* Debug */,
				91619BF128FEFBD900CCB186 /* Release */,
			);
			defaultConfigurationIsVisible = 0;
			defaultConfigurationName = Release;
		};
		91619BF228FEFBD900CCB186 /* Build configuration list for PBXNativeTarget "TinderClone" */ = {
			isa = XCConfigurationList;
			buildConfigurations = (
				91619BF328FEFBD900CCB186 /* Debug */,
				91619BF428FEFBD900CCB186 /* Release */,
			);
			defaultConfigurationIsVisible = 0;
			defaultConfigurationName = Release;
		};
/* End XCConfigurationList section */
	};
	rootObject = 91619BD628FEFBD600CCB186 /* Project object */;
}
